
Microsoft Visual Studio Solution File, Format Version 12.00
# Visual Studio Version 17
VisualStudioVersion = 17.1.32421.90
MinimumVisualStudioVersion = 10.0.40219.1
Project("{FAE04EC0-301F-11D3-BF4B-00C04F79EFBC}") = "SuperHeroAPI", "SuperHeroAPI.csproj", "{8B33025E-70D1-4A4B-A80D-D9F61DE9B9BD}"
EndProject
Global
	GlobalSection(SolutionConfigurationPlatforms) = preSolution
		Debug|Any CPU = Debug|Any CPU
		Release|Any CPU = Release|Any CPU
	EndGlobalSection
	GlobalSection(ProjectConfigurationPlatforms) = postSolution
		{8B33025E-70D1-4A4B-A80D-D9F61DE9B9BD}.Debug|Any CPU.ActiveCfg = Debug|Any CPU
		{8B33025E-70D1-4A4B-A80D-D9F61DE9B9BD}.Debug|Any CPU.Build.0 = Debug|Any CPU
		{8B33025E-70D1-4A4B-A80D-D9F61DE9B9BD}.Release|Any CPU.ActiveCfg = Release|Any CPU
		{8B33025E-70D1-4A4B-A80D-D9F61DE9B9BD}.Release|Any CPU.Build.0 = Release|Any CPU
	EndGlobalSection
	GlobalSection(SolutionProperties) = preSolution
		HideSolutionNode = FALSE
	EndGlobalSection
	GlobalSection(ExtensibilityGlobals) = postSolution
		SolutionGuid = {D043DA51-5F9A-49EE-947F-E91F624133E7}
	EndGlobalSection
EndGlobal
